
Microsoft Visual Studio Solution File, Format Version 12.00
# Visual Studio Version 17
VisualStudioVersion = 17.9.34616.47
MinimumVisualStudioVersion = 10.0.40219.1
Project("{FAE04EC0-301F-11D3-BF4B-00C04F79EFBC}") = "XXPro.UI", "XXPro.UI\XXPro.UI.csproj", "{9AFAD49F-E3AF-4D26-A76B-ECB799E86C0F}"
EndProject
Project("{FAE04EC0-301F-11D3-BF4B-00C04F79EFBC}") = "XXPro.ClassLibrary1", "XXPro.ClassLibrary1\XXPro.ClassLibrary1.csproj", "{DCF0BC78-3AD1-42FE-85F0-6FD448EA49A2}"
EndProject
Project("{FAE04EC0-301F-11D3-BF4B-00C04F79EFBC}") = "CS06", "CS06\CS06.csproj", "{0F7CC53D-57BB-432C-8DA9-5ED97B8F0AD9}"
EndProject
Project("{FAE04EC0-301F-11D3-BF4B-00C04F79EFBC}") = "CS07", "CS07\CS07.csproj", "{5D11222C-5E97-4272-B422-83FE1205587D}"
EndProject
Project("{FAE04EC0-301F-11D3-BF4B-00C04F79EFBC}") = "CS08", "CS08\CS08.csproj", "{2DE44DD9-9903-424B-B0AF-A589C2B50624}"
EndProject
Project("{FAE04EC0-301F-11D3-BF4B-00C04F79EFBC}") = "CS09", "CS09\CS09.csproj", "{B54E7218-D9C5-40AD-AEC2-08E327054142}"
EndProject
Project("{FAE04EC0-301F-11D3-BF4B-00C04F79EFBC}") = "CS10", "CS10\CS10.csproj", "{1746024E-035E-4A8F-83A0-1A804F2D871F}"
EndProject
Project("{FAE04EC0-301F-11D3-BF4B-00C04F79EFBC}") = "CS11", "CS11\CS11.csproj", "{A0C06D08-0CE3-4AFC-BB01-B1BF477820F2}"
EndProject
Project("{FAE04EC0-301F-11D3-BF4B-00C04F79EFBC}") = "CS12", "CS12\CS12.csproj", "{BE24D9C0-C33C-4652-8863-15CE41EC77BD}"
EndProject
Project("{FAE04EC0-301F-11D3-BF4B-00C04F79EFBC}") = "CS13", "CS13\CS13.csproj", "{229FF5E0-B94E-4253-99C0-008902820DEF}"
EndProject
Global
	GlobalSection(SolutionConfigurationPlatforms) = preSolution
		Debug|Any CPU = Debug|Any CPU
		Release|Any CPU = Release|Any CPU
	EndGlobalSection
	GlobalSection(ProjectConfigurationPlatforms) = postSolution
		{9AFAD49F-E3AF-4D26-A76B-ECB799E86C0F}.Debug|Any CPU.ActiveCfg = Debug|Any CPU
		{9AFAD49F-E3AF-4D26-A76B-ECB799E86C0F}.Debug|Any CPU.Build.0 = Debug|Any CPU
		{9AFAD49F-E3AF-4D26-A76B-ECB799E86C0F}.Release|Any CPU.ActiveCfg = Release|Any CPU
		{9AFAD49F-E3AF-4D26-A76B-ECB799E86C0F}.Release|Any CPU.Build.0 = Release|Any CPU
		{DCF0BC78-3AD1-42FE-85F0-6FD448EA49A2}.Debug|Any CPU.ActiveCfg = Debug|Any CPU
		{DCF0BC78-3AD1-42FE-85F0-6FD448EA49A2}.Debug|Any CPU.Build.0 = Debug|Any CPU
		{DCF0BC78-3AD1-42FE-85F0-6FD448EA49A2}.Release|Any CPU.ActiveCfg = Release|Any CPU
		{DCF0BC78-3AD1-42FE-85F0-6FD448EA49A2}.Release|Any CPU.Build.0 = Release|Any CPU
		{0F7CC53D-57BB-432C-8DA9-5ED97B8F0AD9}.Debug|Any CPU.ActiveCfg = Debug|Any CPU
		{0F7CC53D-57BB-432C-8DA9-5ED97B8F0AD9}.Debug|Any CPU.Build.0 = Debug|Any CPU
		{0F7CC53D-57BB-432C-8DA9-5ED97B8F0AD9}.Release|Any CPU.ActiveCfg = Release|Any CPU
		{0F7CC53D-57BB-432C-8DA9-5ED97B8F0AD9}.Release|Any CPU.Build.0 = Release|Any CPU
		{5D11222C-5E97-4272-B422-83FE1205587D}.Debug|Any CPU.ActiveCfg = Debug|Any CPU
		{5D11222C-5E97-4272-B422-83FE1205587D}.Debug|Any CPU.Build.0 = Debug|Any CPU
		{5D11222C-5E97-4272-B422-83FE1205587D}.Release|Any CPU.ActiveCfg = Release|Any CPU
		{5D11222C-5E97-4272-B422-83FE1205587D}.Release|Any CPU.Build.0 = Release|Any CPU
		{2DE44DD9-9903-424B-B0AF-A589C2B50624}.Debug|Any CPU.ActiveCfg = Debug|Any CPU
		{2DE44DD9-9903-424B-B0AF-A589C2B50624}.Debug|Any CPU.Build.0 = Debug|Any CPU
		{2DE44DD9-9903-424B-B0AF-A589C2B50624}.Release|Any CPU.ActiveCfg = Release|Any CPU
		{2DE44DD9-9903-424B-B0AF-A589C2B50624}.Release|Any CPU.Build.0 = Release|Any CPU
		{B54E7218-D9C5-40AD-AEC2-08E327054142}.Debug|Any CPU.ActiveCfg = Debug|Any CPU
		{B54E7218-D9C5-40AD-AEC2-08E327054142}.Debug|Any CPU.Build.0 = Debug|Any CPU
		{B54E7218-D9C5-40AD-AEC2-08E327054142}.Release|Any CPU.ActiveCfg = Release|Any CPU
		{B54E7218-D9C5-40AD-AEC2-08E327054142}.Release|Any CPU.Build.0 = Release|Any CPU
		{1746024E-035E-4A8F-83A0-1A804F2D871F}.Debug|Any CPU.ActiveCfg = Debug|Any CPU
		{1746024E-035E-4A8F-83A0-1A804F2D871F}.Debug|Any CPU.Build.0 = Debug|Any CPU
		{1746024E-035E-4A8F-83A0-1A804F2D871F}.Release|Any CPU.ActiveCfg = Release|Any CPU
		{1746024E-035E-4A8F-83A0-1A804F2D871F}.Release|Any CPU.Build.0 = Release|Any CPU
		{A0C06D08-0CE3-4AFC-BB01-B1BF477820F2}.Debug|Any CPU.ActiveCfg = Debug|Any CPU
		{A0C06D08-0CE3-4AFC-BB01-B1BF477820F2}.Debug|Any CPU.Build.0 = Debug|Any CPU
		{A0C06D08-0CE3-4AFC-BB01-B1BF477820F2}.Release|Any CPU.ActiveCfg = Release|Any CPU
		{A0C06D08-0CE3-4AFC-BB01-B1BF477820F2}.Release|Any CPU.Build.0 = Release|Any CPU
		{BE24D9C0-C33C-4652-8863-15CE41EC77BD}.Debug|Any CPU.ActiveCfg = Debug|Any CPU
		{BE24D9C0-C33C-4652-8863-15CE41EC77BD}.Debug|Any CPU.Build.0 = Debug|Any CPU
		{BE24D9C0-C33C-4652-8863-15CE41EC77BD}.Release|Any CPU.ActiveCfg = Release|Any CPU
		{BE24D9C0-C33C-4652-8863-15CE41EC77BD}.Release|Any CPU.Build.0 = Release|Any CPU
		{229FF5E0-B94E-4253-99C0-008902820DEF}.Debug|Any CPU.ActiveCfg = Debug|Any CPU
		{229FF5E0-B94E-4253-99C0-008902820DEF}.Debug|Any CPU.Build.0 = Debug|Any CPU
		{229FF5E0-B94E-4253-99C0-008902820DEF}.Release|Any CPU.ActiveCfg = Release|Any CPU
		{229FF5E0-B94E-4253-99C0-008902820DEF}.Release|Any CPU.Build.0 = Release|Any CPU
	EndGlobalSection
	GlobalSection(SolutionProperties) = preSolution
		HideSolutionNode = FALSE
	EndGlobalSection
	GlobalSection(ExtensibilityGlobals) = postSolution
		SolutionGuid = {6EBFCD86-840D-49F1-953C-128BC7ED0DE7}
	EndGlobalSection
EndGlobal
