
Microsoft Visual Studio Solution File, Format Version 12.00
# Visual Studio Version 17
VisualStudioVersion = 17.9.34616.47
MinimumVisualStudioVersion = 10.0.40219.1
Project("{FAE04EC0-301F-11D3-BF4B-00C04F79EFBC}") = "XXPro.UI", "XXPro.UI\XXPro.UI.csproj", "{9AFAD49F-E3AF-4D26-A76B-ECB799E86C0F}"
EndProject
Project("{FAE04EC0-301F-11D3-BF4B-00C04F79EFBC}") = "XXPro.ClassLibrary1", "XXPro.ClassLibrary1\XXPro.ClassLibrary1.csproj", "{DCF0BC78-3AD1-42FE-85F0-6FD448EA49A2}"
EndProject
Project("{FAE04EC0-301F-11D3-BF4B-00C04F79EFBC}") = "CS06", "CS06\CS06.csproj", "{0F7CC53D-57BB-432C-8DA9-5ED97B8F0AD9}"
EndProject
Project("{FAE04EC0-301F-11D3-BF4B-00C04F79EFBC}") = "CS07", "CS07\CS07.csproj", "{5D11222C-5E97-4272-B422-83FE1205587D}"
EndProject
Project("{FAE04EC0-301F-11D3-BF4B-00C04F79EFBC}") = "CS08", "CS08\CS08.csproj", "{2DE44DD9-9903-424B-B0AF-A589C2B50624}"
EndProject
Project("{FAE04EC0-301F-11D3-BF4B-00C04F79EFBC}") = "CS09", "CS09\CS09.csproj", "{B54E7218-D9C5-40AD-AEC2-08E327054142}"
EndProject
Project("{FAE04EC0-301F-11D3-BF4B-00C04F79EFBC}") = "CS10", "CS10\CS10.csproj", "{1746024E-035E-4A8F-83A0-1A804F2D871F}"
EndProject
Project("{FAE04EC0-301F-11D3-BF4B-00C04F79EFBC}") = "CS11", "CS11\CS11.csproj", "{A0C06D08-0CE3-4AFC-BB01-B1BF477820F2}"
EndProject
Project("{FAE04EC0-301F-11D3-BF4B-00C04F79EFBC}") = "CS12", "CS12\CS12.csproj", "{BE24D9C0-C33C-4652-8863-15CE41EC77BD}"
EndProject
Project("{FAE04EC0-301F-11D3-BF4B-00C04F79EFBC}") = "CS13", "CS13\CS13.csproj", "{229FF5E0-B94E-4253-99C0-008902820DEF}"
EndProject
Project("{FAE04EC0-301F-11D3-BF4B-00C04F79EFBC}") = "CS14", "CS14\CS14.csproj", "{04D2A507-71CA-46AF-B9F2-09FB5260C567}"
EndProject
Project("{FAE04EC0-301F-11D3-BF4B-00C04F79EFBC}") = "CS15", "CS15\CS15.csproj", "{3E4E518D-437E-4D6F-A44E-28E89ECE5144}"
EndProject
Project("{FAE04EC0-301F-11D3-BF4B-00C04F79EFBC}") = "CS16", "CS16\CS16.csproj", "{94A93CC8-C6D8-4070-A927-124E008C8567}"
EndProject
Project("{FAE04EC0-301F-11D3-BF4B-00C04F79EFBC}") = "CS17", "CS17\CS17.csproj", "{48DACB95-3AF3-4E57-AF74-5AB58B2CB53F}"
EndProject
Project("{FAE04EC0-301F-11D3-BF4B-00C04F79EFBC}") = "CS18", "CS18\CS18.csproj", "{AA10D52C-4712-4720-9834-B3E27BC98C4C}"
EndProject
Project("{FAE04EC0-301F-11D3-BF4B-00C04F79EFBC}") = "CS20", "CS20\CS20.csproj", "{A0777D01-5F31-4A37-B3DE-1D8BFF754A7E}"
EndProject
Project("{FAE04EC0-301F-11D3-BF4B-00C04F79EFBC}") = "CS21", "CS21\CS21.csproj", "{496ADB14-57C6-4BB0-A754-7F12DC931D7C}"
EndProject
Project("{FAE04EC0-301F-11D3-BF4B-00C04F79EFBC}") = "CS22", "CS22\CS22.csproj", "{C863345E-0DFA-4C29-A250-65FD5385BB18}"
EndProject
Project("{FAE04EC0-301F-11D3-BF4B-00C04F79EFBC}") = "CS22B", "CS22B\CS22B.csproj", "{CEFC61AF-D48A-434C-A3C5-06BBB5B596AF}"
EndProject
Project("{FAE04EC0-301F-11D3-BF4B-00C04F79EFBC}") = "CS23", "CS23\CS23.csproj", "{55B056AA-DBC2-458B-8C59-04688D2DED66}"
EndProject
Project("{FAE04EC0-301F-11D3-BF4B-00C04F79EFBC}") = "CS24", "CS24\CS24.csproj", "{6B6F2DA6-38FB-4747-8F83-0B77F9C30A3B}"
EndProject
Project("{FAE04EC0-301F-11D3-BF4B-00C04F79EFBC}") = "CS25", "CS25\CS25.csproj", "{9FE9C3F6-6BDC-41B1-B857-4D529440F878}"
EndProject
Project("{FAE04EC0-301F-11D3-BF4B-00C04F79EFBC}") = "CS26", "CS26\CS26.csproj", "{631BA847-7029-4D99-BFE3-9FEDA32444AD}"
EndProject
Project("{FAE04EC0-301F-11D3-BF4B-00C04F79EFBC}") = "CS27", "CS27\CS27.csproj", "{D93D0382-D10A-4CC6-A2FE-3679C60006EC}"
EndProject
Project("{FAE04EC0-301F-11D3-BF4B-00C04F79EFBC}") = "CS28", "CS28\CS28.csproj", "{42962A02-AE7C-4C7C-A4ED-81FC9BC4A5E1}"
EndProject
Project("{FAE04EC0-301F-11D3-BF4B-00C04F79EFBC}") = "CS29", "CS29\CS29.csproj", "{B6565659-3ECD-490B-802C-A4559E8D228C}"
EndProject
Project("{FAE04EC0-301F-11D3-BF4B-00C04F79EFBC}") = "CS30", "CS30\CS30.csproj", "{532A8967-A19B-4784-A59E-4BBB6B98F1DA}"
EndProject
Project("{FAE04EC0-301F-11D3-BF4B-00C04F79EFBC}") = "CS31", "CS31\CS31.csproj", "{D90892D2-D8DC-4633-B45D-9D9659DF644A}"
EndProject
Global
	GlobalSection(SolutionConfigurationPlatforms) = preSolution
		Debug|Any CPU = Debug|Any CPU
		Release|Any CPU = Release|Any CPU
	EndGlobalSection
	GlobalSection(ProjectConfigurationPlatforms) = postSolution
		{9AFAD49F-E3AF-4D26-A76B-ECB799E86C0F}.Debug|Any CPU.ActiveCfg = Debug|Any CPU
		{9AFAD49F-E3AF-4D26-A76B-ECB799E86C0F}.Debug|Any CPU.Build.0 = Debug|Any CPU
		{9AFAD49F-E3AF-4D26-A76B-ECB799E86C0F}.Release|Any CPU.ActiveCfg = Release|Any CPU
		{9AFAD49F-E3AF-4D26-A76B-ECB799E86C0F}.Release|Any CPU.Build.0 = Release|Any CPU
		{DCF0BC78-3AD1-42FE-85F0-6FD448EA49A2}.Debug|Any CPU.ActiveCfg = Debug|Any CPU
		{DCF0BC78-3AD1-42FE-85F0-6FD448EA49A2}.Debug|Any CPU.Build.0 = Debug|Any CPU
		{DCF0BC78-3AD1-42FE-85F0-6FD448EA49A2}.Release|Any CPU.ActiveCfg = Release|Any CPU
		{DCF0BC78-3AD1-42FE-85F0-6FD448EA49A2}.Release|Any CPU.Build.0 = Release|Any CPU
		{0F7CC53D-57BB-432C-8DA9-5ED97B8F0AD9}.Debug|Any CPU.ActiveCfg = Debug|Any CPU
		{0F7CC53D-57BB-432C-8DA9-5ED97B8F0AD9}.Debug|Any CPU.Build.0 = Debug|Any CPU
		{0F7CC53D-57BB-432C-8DA9-5ED97B8F0AD9}.Release|Any CPU.ActiveCfg = Release|Any CPU
		{0F7CC53D-57BB-432C-8DA9-5ED97B8F0AD9}.Release|Any CPU.Build.0 = Release|Any CPU
		{5D11222C-5E97-4272-B422-83FE1205587D}.Debug|Any CPU.ActiveCfg = Debug|Any CPU
		{5D11222C-5E97-4272-B422-83FE1205587D}.Debug|Any CPU.Build.0 = Debug|Any CPU
		{5D11222C-5E97-4272-B422-83FE1205587D}.Release|Any CPU.ActiveCfg = Release|Any CPU
		{5D11222C-5E97-4272-B422-83FE1205587D}.Release|Any CPU.Build.0 = Release|Any CPU
		{2DE44DD9-9903-424B-B0AF-A589C2B50624}.Debug|Any CPU.ActiveCfg = Debug|Any CPU
		{2DE44DD9-9903-424B-B0AF-A589C2B50624}.Debug|Any CPU.Build.0 = Debug|Any CPU
		{2DE44DD9-9903-424B-B0AF-A589C2B50624}.Release|Any CPU.ActiveCfg = Release|Any CPU
		{2DE44DD9-9903-424B-B0AF-A589C2B50624}.Release|Any CPU.Build.0 = Release|Any CPU
		{B54E7218-D9C5-40AD-AEC2-08E327054142}.Debug|Any CPU.ActiveCfg = Debug|Any CPU
		{B54E7218-D9C5-40AD-AEC2-08E327054142}.Debug|Any CPU.Build.0 = Debug|Any CPU
		{B54E7218-D9C5-40AD-AEC2-08E327054142}.Release|Any CPU.ActiveCfg = Release|Any CPU
		{B54E7218-D9C5-40AD-AEC2-08E327054142}.Release|Any CPU.Build.0 = Release|Any CPU
		{1746024E-035E-4A8F-83A0-1A804F2D871F}.Debug|Any CPU.ActiveCfg = Debug|Any CPU
		{1746024E-035E-4A8F-83A0-1A804F2D871F}.Debug|Any CPU.Build.0 = Debug|Any CPU
		{1746024E-035E-4A8F-83A0-1A804F2D871F}.Release|Any CPU.ActiveCfg = Release|Any CPU
		{1746024E-035E-4A8F-83A0-1A804F2D871F}.Release|Any CPU.Build.0 = Release|Any CPU
		{A0C06D08-0CE3-4AFC-BB01-B1BF477820F2}.Debug|Any CPU.ActiveCfg = Debug|Any CPU
		{A0C06D08-0CE3-4AFC-BB01-B1BF477820F2}.Debug|Any CPU.Build.0 = Debug|Any CPU
		{A0C06D08-0CE3-4AFC-BB01-B1BF477820F2}.Release|Any CPU.ActiveCfg = Release|Any CPU
		{A0C06D08-0CE3-4AFC-BB01-B1BF477820F2}.Release|Any CPU.Build.0 = Release|Any CPU
		{BE24D9C0-C33C-4652-8863-15CE41EC77BD}.Debug|Any CPU.ActiveCfg = Debug|Any CPU
		{BE24D9C0-C33C-4652-8863-15CE41EC77BD}.Debug|Any CPU.Build.0 = Debug|Any CPU
		{BE24D9C0-C33C-4652-8863-15CE41EC77BD}.Release|Any CPU.ActiveCfg = Release|Any CPU
		{BE24D9C0-C33C-4652-8863-15CE41EC77BD}.Release|Any CPU.Build.0 = Release|Any CPU
		{229FF5E0-B94E-4253-99C0-008902820DEF}.Debug|Any CPU.ActiveCfg = Debug|Any CPU
		{229FF5E0-B94E-4253-99C0-008902820DEF}.Debug|Any CPU.Build.0 = Debug|Any CPU
		{229FF5E0-B94E-4253-99C0-008902820DEF}.Release|Any CPU.ActiveCfg = Release|Any CPU
		{229FF5E0-B94E-4253-99C0-008902820DEF}.Release|Any CPU.Build.0 = Release|Any CPU
		{04D2A507-71CA-46AF-B9F2-09FB5260C567}.Debug|Any CPU.ActiveCfg = Debug|Any CPU
		{04D2A507-71CA-46AF-B9F2-09FB5260C567}.Debug|Any CPU.Build.0 = Debug|Any CPU
		{04D2A507-71CA-46AF-B9F2-09FB5260C567}.Release|Any CPU.ActiveCfg = Release|Any CPU
		{04D2A507-71CA-46AF-B9F2-09FB5260C567}.Release|Any CPU.Build.0 = Release|Any CPU
		{3E4E518D-437E-4D6F-A44E-28E89ECE5144}.Debug|Any CPU.ActiveCfg = Debug|Any CPU
		{3E4E518D-437E-4D6F-A44E-28E89ECE5144}.Debug|Any CPU.Build.0 = Debug|Any CPU
		{3E4E518D-437E-4D6F-A44E-28E89ECE5144}.Release|Any CPU.ActiveCfg = Release|Any CPU
		{3E4E518D-437E-4D6F-A44E-28E89ECE5144}.Release|Any CPU.Build.0 = Release|Any CPU
		{94A93CC8-C6D8-4070-A927-124E008C8567}.Debug|Any CPU.ActiveCfg = Debug|Any CPU
		{94A93CC8-C6D8-4070-A927-124E008C8567}.Debug|Any CPU.Build.0 = Debug|Any CPU
		{94A93CC8-C6D8-4070-A927-124E008C8567}.Release|Any CPU.ActiveCfg = Release|Any CPU
		{94A93CC8-C6D8-4070-A927-124E008C8567}.Release|Any CPU.Build.0 = Release|Any CPU
		{48DACB95-3AF3-4E57-AF74-5AB58B2CB53F}.Debug|Any CPU.ActiveCfg = Debug|Any CPU
		{48DACB95-3AF3-4E57-AF74-5AB58B2CB53F}.Debug|Any CPU.Build.0 = Debug|Any CPU
		{48DACB95-3AF3-4E57-AF74-5AB58B2CB53F}.Release|Any CPU.ActiveCfg = Release|Any CPU
		{48DACB95-3AF3-4E57-AF74-5AB58B2CB53F}.Release|Any CPU.Build.0 = Release|Any CPU
		{AA10D52C-4712-4720-9834-B3E27BC98C4C}.Debug|Any CPU.ActiveCfg = Debug|Any CPU
		{AA10D52C-4712-4720-9834-B3E27BC98C4C}.Debug|Any CPU.Build.0 = Debug|Any CPU
		{AA10D52C-4712-4720-9834-B3E27BC98C4C}.Release|Any CPU.ActiveCfg = Release|Any CPU
		{AA10D52C-4712-4720-9834-B3E27BC98C4C}.Release|Any CPU.Build.0 = Release|Any CPU
		{A0777D01-5F31-4A37-B3DE-1D8BFF754A7E}.Debug|Any CPU.ActiveCfg = Debug|Any CPU
		{A0777D01-5F31-4A37-B3DE-1D8BFF754A7E}.Debug|Any CPU.Build.0 = Debug|Any CPU
		{A0777D01-5F31-4A37-B3DE-1D8BFF754A7E}.Release|Any CPU.ActiveCfg = Release|Any CPU
		{A0777D01-5F31-4A37-B3DE-1D8BFF754A7E}.Release|Any CPU.Build.0 = Release|Any CPU
		{496ADB14-57C6-4BB0-A754-7F12DC931D7C}.Debug|Any CPU.ActiveCfg = Debug|Any CPU
		{496ADB14-57C6-4BB0-A754-7F12DC931D7C}.Debug|Any CPU.Build.0 = Debug|Any CPU
		{496ADB14-57C6-4BB0-A754-7F12DC931D7C}.Release|Any CPU.ActiveCfg = Release|Any CPU
		{496ADB14-57C6-4BB0-A754-7F12DC931D7C}.Release|Any CPU.Build.0 = Release|Any CPU
		{C863345E-0DFA-4C29-A250-65FD5385BB18}.Debug|Any CPU.ActiveCfg = Debug|Any CPU
		{C863345E-0DFA-4C29-A250-65FD5385BB18}.Debug|Any CPU.Build.0 = Debug|Any CPU
		{C863345E-0DFA-4C29-A250-65FD5385BB18}.Release|Any CPU.ActiveCfg = Release|Any CPU
		{C863345E-0DFA-4C29-A250-65FD5385BB18}.Release|Any CPU.Build.0 = Release|Any CPU
		{CEFC61AF-D48A-434C-A3C5-06BBB5B596AF}.Debug|Any CPU.ActiveCfg = Debug|Any CPU
		{CEFC61AF-D48A-434C-A3C5-06BBB5B596AF}.Debug|Any CPU.Build.0 = Debug|Any CPU
		{CEFC61AF-D48A-434C-A3C5-06BBB5B596AF}.Release|Any CPU.ActiveCfg = Release|Any CPU
		{CEFC61AF-D48A-434C-A3C5-06BBB5B596AF}.Release|Any CPU.Build.0 = Release|Any CPU
		{55B056AA-DBC2-458B-8C59-04688D2DED66}.Debug|Any CPU.ActiveCfg = Debug|Any CPU
		{55B056AA-DBC2-458B-8C59-04688D2DED66}.Debug|Any CPU.Build.0 = Debug|Any CPU
		{55B056AA-DBC2-458B-8C59-04688D2DED66}.Release|Any CPU.ActiveCfg = Release|Any CPU
		{55B056AA-DBC2-458B-8C59-04688D2DED66}.Release|Any CPU.Build.0 = Release|Any CPU
		{6B6F2DA6-38FB-4747-8F83-0B77F9C30A3B}.Debug|Any CPU.ActiveCfg = Debug|Any CPU
		{6B6F2DA6-38FB-4747-8F83-0B77F9C30A3B}.Debug|Any CPU.Build.0 = Debug|Any CPU
		{6B6F2DA6-38FB-4747-8F83-0B77F9C30A3B}.Release|Any CPU.ActiveCfg = Release|Any CPU
		{6B6F2DA6-38FB-4747-8F83-0B77F9C30A3B}.Release|Any CPU.Build.0 = Release|Any CPU
		{9FE9C3F6-6BDC-41B1-B857-4D529440F878}.Debug|Any CPU.ActiveCfg = Debug|Any CPU
		{9FE9C3F6-6BDC-41B1-B857-4D529440F878}.Debug|Any CPU.Build.0 = Debug|Any CPU
		{9FE9C3F6-6BDC-41B1-B857-4D529440F878}.Release|Any CPU.ActiveCfg = Release|Any CPU
		{9FE9C3F6-6BDC-41B1-B857-4D529440F878}.Release|Any CPU.Build.0 = Release|Any CPU
		{631BA847-7029-4D99-BFE3-9FEDA32444AD}.Debug|Any CPU.ActiveCfg = Debug|Any CPU
		{631BA847-7029-4D99-BFE3-9FEDA32444AD}.Debug|Any CPU.Build.0 = Debug|Any CPU
		{631BA847-7029-4D99-BFE3-9FEDA32444AD}.Release|Any CPU.ActiveCfg = Release|Any CPU
		{631BA847-7029-4D99-BFE3-9FEDA32444AD}.Release|Any CPU.Build.0 = Release|Any CPU
		{D93D0382-D10A-4CC6-A2FE-3679C60006EC}.Debug|Any CPU.ActiveCfg = Debug|Any CPU
		{D93D0382-D10A-4CC6-A2FE-3679C60006EC}.Debug|Any CPU.Build.0 = Debug|Any CPU
		{D93D0382-D10A-4CC6-A2FE-3679C60006EC}.Release|Any CPU.ActiveCfg = Release|Any CPU
		{D93D0382-D10A-4CC6-A2FE-3679C60006EC}.Release|Any CPU.Build.0 = Release|Any CPU
		{42962A02-AE7C-4C7C-A4ED-81FC9BC4A5E1}.Debug|Any CPU.ActiveCfg = Debug|Any CPU
		{42962A02-AE7C-4C7C-A4ED-81FC9BC4A5E1}.Debug|Any CPU.Build.0 = Debug|Any CPU
		{42962A02-AE7C-4C7C-A4ED-81FC9BC4A5E1}.Release|Any CPU.ActiveCfg = Release|Any CPU
		{42962A02-AE7C-4C7C-A4ED-81FC9BC4A5E1}.Release|Any CPU.Build.0 = Release|Any CPU
		{B6565659-3ECD-490B-802C-A4559E8D228C}.Debug|Any CPU.ActiveCfg = Debug|Any CPU
		{B6565659-3ECD-490B-802C-A4559E8D228C}.Debug|Any CPU.Build.0 = Debug|Any CPU
		{B6565659-3ECD-490B-802C-A4559E8D228C}.Release|Any CPU.ActiveCfg = Release|Any CPU
		{B6565659-3ECD-490B-802C-A4559E8D228C}.Release|Any CPU.Build.0 = Release|Any CPU
		{532A8967-A19B-4784-A59E-4BBB6B98F1DA}.Debug|Any CPU.ActiveCfg = Debug|Any CPU
		{532A8967-A19B-4784-A59E-4BBB6B98F1DA}.Debug|Any CPU.Build.0 = Debug|Any CPU
		{532A8967-A19B-4784-A59E-4BBB6B98F1DA}.Release|Any CPU.ActiveCfg = Release|Any CPU
		{532A8967-A19B-4784-A59E-4BBB6B98F1DA}.Release|Any CPU.Build.0 = Release|Any CPU
		{D90892D2-D8DC-4633-B45D-9D9659DF644A}.Debug|Any CPU.ActiveCfg = Debug|Any CPU
		{D90892D2-D8DC-4633-B45D-9D9659DF644A}.Debug|Any CPU.Build.0 = Debug|Any CPU
		{D90892D2-D8DC-4633-B45D-9D9659DF644A}.Release|Any CPU.ActiveCfg = Release|Any CPU
		{D90892D2-D8DC-4633-B45D-9D9659DF644A}.Release|Any CPU.Build.0 = Release|Any CPU
	EndGlobalSection
	GlobalSection(SolutionProperties) = preSolution
		HideSolutionNode = FALSE
	EndGlobalSection
	GlobalSection(ExtensibilityGlobals) = postSolution
		SolutionGuid = {6EBFCD86-840D-49F1-953C-128BC7ED0DE7}
	EndGlobalSection
EndGlobal
